
Microsoft Visual Studio Solution File, Format Version 12.00
# Visual Studio Version 17
VisualStudioVersion = 17.5.33530.505
MinimumVisualStudioVersion = 10.0.40219.1
Project("{FAE04EC0-301F-11D3-BF4B-00C04F79EFBC}") = "CURD", "CURD\CURD.csproj", "{11AFB84C-14A1-4303-BC05-DA68E5A64CDC}"
EndProject
Global
	GlobalSection(SolutionConfigurationPlatforms) = preSolution
		Debug|Any CPU = Debug|Any CPU
		Release|Any CPU = Release|Any CPU
	EndGlobalSection
	GlobalSection(ProjectConfigurationPlatforms) = postSolution
		{11AFB84C-14A1-4303-BC05-DA68E5A64CDC}.Debug|Any CPU.ActiveCfg = Debug|Any CPU
		{11AFB84C-14A1-4303-BC05-DA68E5A64CDC}.Debug|Any CPU.Build.0 = Debug|Any CPU
		{11AFB84C-14A1-4303-BC05-DA68E5A64CDC}.Release|Any CPU.ActiveCfg = Release|Any CPU
		{11AFB84C-14A1-4303-BC05-DA68E5A64CDC}.Release|Any CPU.Build.0 = Release|Any CPU
	EndGlobalSection
	GlobalSection(SolutionProperties) = preSolution
		HideSolutionNode = FALSE
	EndGlobalSection
	GlobalSection(ExtensibilityGlobals) = postSolution
		SolutionGuid = {C6D7B5E7-0DC7-402C-B6F2-08478A66CBA0}
	EndGlobalSection
EndGlobal
